
Microsoft Visual Studio Solution File, Format Version 12.00
# Visual Studio 15
VisualStudioVersion = 15.0.27004.2009
MinimumVisualStudioVersion = 10.0.40219.1
Project("{FAE04EC0-301F-11D3-BF4B-00C04F79EFBC}") = "Lab_1_ISRPO", "Lab_1_ISRPO\Lab_1_ISRPO.csproj", "{4CF9E2B9-D9E4-4A56-A38A-19A297AFAF66}"
EndProject
Global
	GlobalSection(SolutionConfigurationPlatforms) = preSolution
		Debug|Any CPU = Debug|Any CPU
		Release|Any CPU = Release|Any CPU
	EndGlobalSection
	GlobalSection(ProjectConfigurationPlatforms) = postSolution
		{4CF9E2B9-D9E4-4A56-A38A-19A297AFAF66}.Debug|Any CPU.ActiveCfg = Debug|Any CPU
		{4CF9E2B9-D9E4-4A56-A38A-19A297AFAF66}.Debug|Any CPU.Build.0 = Debug|Any CPU
		{4CF9E2B9-D9E4-4A56-A38A-19A297AFAF66}.Release|Any CPU.ActiveCfg = Release|Any CPU
		{4CF9E2B9-D9E4-4A56-A38A-19A297AFAF66}.Release|Any CPU.Build.0 = Release|Any CPU
	EndGlobalSection
	GlobalSection(SolutionProperties) = preSolution
		HideSolutionNode = FALSE
	EndGlobalSection
	GlobalSection(ExtensibilityGlobals) = postSolution
		SolutionGuid = {37C88B34-84A4-442F-BB1A-1E567D3B4C2B}
	EndGlobalSection
EndGlobal
